
Microsoft Visual Studio Solution File, Format Version 12.00
# Visual Studio Version 17
VisualStudioVersion = 17.14.36518.9 d17.14
MinimumVisualStudioVersion = 10.0.40219.1
Project("{FAE04EC0-301F-11D3-BF4B-00C04F79EFBC}") = "investment-service", "investment-service\investment-service.csproj", "{2B3749E4-BCB9-4CB8-B2C0-7E1A6D1E3F7B}"
EndProject
Global
	GlobalSection(SolutionConfigurationPlatforms) = preSolution
		Debug|Any CPU = Debug|Any CPU
		Release|Any CPU = Release|Any CPU
	EndGlobalSection
	GlobalSection(ProjectConfigurationPlatforms) = postSolution
		{2B3749E4-BCB9-4CB8-B2C0-7E1A6D1E3F7B}.Debug|Any CPU.ActiveCfg = Debug|Any CPU
		{2B3749E4-BCB9-4CB8-B2C0-7E1A6D1E3F7B}.Debug|Any CPU.Build.0 = Debug|Any CPU
		{2B3749E4-BCB9-4CB8-B2C0-7E1A6D1E3F7B}.Release|Any CPU.ActiveCfg = Release|Any CPU
		{2B3749E4-BCB9-4CB8-B2C0-7E1A6D1E3F7B}.Release|Any CPU.Build.0 = Release|Any CPU
	EndGlobalSection
	GlobalSection(SolutionProperties) = preSolution
		HideSolutionNode = FALSE
	EndGlobalSection
	GlobalSection(ExtensibilityGlobals) = postSolution
		SolutionGuid = {B16D7E45-1C21-4545-9BCE-5555FDDF9904}
	EndGlobalSection
EndGlobal
